// !$*UTF8*$!
{
	archiveVersion = 1;
	classes = {
	};
	objectVersion = 46;
	objects = {

/* Begin PBXBuildFile section */
		D0B88ADA1E93F8DD00DE8C13 /* Lunar.framework in Frameworks */ = {isa = PBXBuildFile; fileRef = D0B88AD01E93F8DD00DE8C13 /* Lunar.framework */; };
		D0B88AE11E93F8DE00DE8C13 /* Lunar.h in Headers */ = {isa = PBXBuildFile; fileRef = D0B88AD31E93F8DD00DE8C13 /* Lunar.h */; settings = {ATTRIBUTES = (Public, ); }; };
		D0B88AEF1E93F94A00DE8C13 /* LunarCache.swift in Sources */ = {isa = PBXBuildFile; fileRef = D0B88AEE1E93F94A00DE8C13 /* LunarCache.swift */; };
		D0B88AF81E93FB8000DE8C13 /* Apollo.framework in Frameworks */ = {isa = PBXBuildFile; fileRef = D0B88AF31E93FB8000DE8C13 /* Apollo.framework */; };
		D0B88AF91E93FB8000DE8C13 /* JSONMapping.framework in Frameworks */ = {isa = PBXBuildFile; fileRef = D0B88AF41E93FB8000DE8C13 /* JSONMapping.framework */; };
		D0B88AFA1E93FB8000DE8C13 /* Nimble.framework in Frameworks */ = {isa = PBXBuildFile; fileRef = D0B88AF51E93FB8000DE8C13 /* Nimble.framework */; };
		D0B88AFB1E93FB8000DE8C13 /* Quick.framework in Frameworks */ = {isa = PBXBuildFile; fileRef = D0B88AF61E93FB8000DE8C13 /* Quick.framework */; };
		D0B88AFC1E93FB8000DE8C13 /* RemoteMapping.framework in Frameworks */ = {isa = PBXBuildFile; fileRef = D0B88AF71E93FB8000DE8C13 /* RemoteMapping.framework */; };
		D0B88AFE1E93FB8800DE8C13 /* JSONMapping.framework in Frameworks */ = {isa = PBXBuildFile; fileRef = D0B88AF41E93FB8000DE8C13 /* JSONMapping.framework */; };
		D0B88AFF1E93FB8800DE8C13 /* RemoteMapping.framework in Frameworks */ = {isa = PBXBuildFile; fileRef = D0B88AF71E93FB8000DE8C13 /* RemoteMapping.framework */; };
		D0B88B011E93FDD500DE8C13 /* SequenceExtensions.swift in Sources */ = {isa = PBXBuildFile; fileRef = D0B88B001E93FDD500DE8C13 /* SequenceExtensions.swift */; };
		D0B88B081E93FEAC00DE8C13 /* DictionaryExtensions.swift in Sources */ = {isa = PBXBuildFile; fileRef = D0B88B071E93FEAC00DE8C13 /* DictionaryExtensions.swift */; };
		D0B88B0C1E9410DE00DE8C13 /* CoreDataStack.framework in Frameworks */ = {isa = PBXBuildFile; fileRef = D0B88B0A1E9410CF00DE8C13 /* CoreDataStack.framework */; };
		D0B88B141E941D4700DE8C13 /* ObjectID.swift in Sources */ = {isa = PBXBuildFile; fileRef = D0B88B131E941D4700DE8C13 /* ObjectID.swift */; };
		D0B88B161E941D8F00DE8C13 /* User.swift in Sources */ = {isa = PBXBuildFile; fileRef = D0B88B151E941D8F00DE8C13 /* User.swift */; };
		D0B88B181E94235400DE8C13 /* GraphQLIDExtensions.swift in Sources */ = {isa = PBXBuildFile; fileRef = D0B88B171E94235400DE8C13 /* GraphQLIDExtensions.swift */; };
		D0B88B1B1E9425EE00DE8C13 /* CoreData.framework in Frameworks */ = {isa = PBXBuildFile; fileRef = D0B88B1A1E9425EE00DE8C13 /* CoreData.framework */; };
		D0B88B1E1E9432D700DE8C13 /* Model.xcdatamodeld in Resources */ = {isa = PBXBuildFile; fileRef = D0B88B0E1E941D0700DE8C13 /* Model.xcdatamodeld */; };
		D0B88B1F1E9436DA00DE8C13 /* LunarCacheSpec.swift in Sources */ = {isa = PBXBuildFile; fileRef = D0B88AF01E93F98900DE8C13 /* LunarCacheSpec.swift */; };
		D0B88B231E94375700DE8C13 /* CoreDataStack.framework in CopyFiles */ = {isa = PBXBuildFile; fileRef = D0B88B0A1E9410CF00DE8C13 /* CoreDataStack.framework */; settings = {ATTRIBUTES = (CodeSignOnCopy, RemoveHeadersOnCopy, ); }; };
		D0B88B241E94375700DE8C13 /* Apollo.framework in CopyFiles */ = {isa = PBXBuildFile; fileRef = D0B88AF31E93FB8000DE8C13 /* Apollo.framework */; settings = {ATTRIBUTES = (CodeSignOnCopy, RemoveHeadersOnCopy, ); }; };
		D0B88B251E94375700DE8C13 /* JSONMapping.framework in CopyFiles */ = {isa = PBXBuildFile; fileRef = D0B88AF41E93FB8000DE8C13 /* JSONMapping.framework */; settings = {ATTRIBUTES = (CodeSignOnCopy, RemoveHeadersOnCopy, ); }; };
		D0B88B261E94375700DE8C13 /* Nimble.framework in CopyFiles */ = {isa = PBXBuildFile; fileRef = D0B88AF51E93FB8000DE8C13 /* Nimble.framework */; settings = {ATTRIBUTES = (CodeSignOnCopy, RemoveHeadersOnCopy, ); }; };
		D0B88B271E94375700DE8C13 /* Quick.framework in CopyFiles */ = {isa = PBXBuildFile; fileRef = D0B88AF61E93FB8000DE8C13 /* Quick.framework */; settings = {ATTRIBUTES = (CodeSignOnCopy, RemoveHeadersOnCopy, ); }; };
		D0B88B281E94375700DE8C13 /* RemoteMapping.framework in CopyFiles */ = {isa = PBXBuildFile; fileRef = D0B88AF71E93FB8000DE8C13 /* RemoteMapping.framework */; settings = {ATTRIBUTES = (CodeSignOnCopy, RemoveHeadersOnCopy, ); }; };
/* End PBXBuildFile section */

/* Begin PBXContainerItemProxy section */
		D0B88ADB1E93F8DD00DE8C13 /* PBXContainerItemProxy */ = {
			isa = PBXContainerItemProxy;
			containerPortal = D0B88AC71E93F8DD00DE8C13 /* Project object */;
			proxyType = 1;
			remoteGlobalIDString = D0B88ACF1E93F8DD00DE8C13;
			remoteInfo = Lunar;
		};
/* End PBXContainerItemProxy section */

/* Begin PBXCopyFilesBuildPhase section */
		D0B88B211E94374400DE8C13 /* CopyFiles */ = {
			isa = PBXCopyFilesBuildPhase;
			buildActionMask = 2147483647;
			dstPath = "";
			dstSubfolderSpec = 10;
			files = (
				D0B88B231E94375700DE8C13 /* CoreDataStack.framework in CopyFiles */,
				D0B88B241E94375700DE8C13 /* Apollo.framework in CopyFiles */,
				D0B88B251E94375700DE8C13 /* JSONMapping.framework in CopyFiles */,
				D0B88B261E94375700DE8C13 /* Nimble.framework in CopyFiles */,
				D0B88B271E94375700DE8C13 /* Quick.framework in CopyFiles */,
				D0B88B281E94375700DE8C13 /* RemoteMapping.framework in CopyFiles */,
			);
			runOnlyForDeploymentPostprocessing = 0;
		};
/* End PBXCopyFilesBuildPhase section */

/* Begin PBXFileReference section */
		D0B88AD01E93F8DD00DE8C13 /* Lunar.framework */ = {isa = PBXFileReference; explicitFileType = wrapper.framework; includeInIndex = 0; path = Lunar.framework; sourceTree = BUILT_PRODUCTS_DIR; };
		D0B88AD31E93F8DD00DE8C13 /* Lunar.h */ = {isa = PBXFileReference; lastKnownFileType = sourcecode.c.h; path = Lunar.h; sourceTree = "<group>"; };
		D0B88AD41E93F8DD00DE8C13 /* Info.plist */ = {isa = PBXFileReference; lastKnownFileType = text.plist.xml; path = Info.plist; sourceTree = "<group>"; };
		D0B88AD91E93F8DD00DE8C13 /* LunarTests.xctest */ = {isa = PBXFileReference; explicitFileType = wrapper.cfbundle; includeInIndex = 0; path = LunarTests.xctest; sourceTree = BUILT_PRODUCTS_DIR; };
		D0B88AE01E93F8DD00DE8C13 /* Info.plist */ = {isa = PBXFileReference; lastKnownFileType = text.plist.xml; path = Info.plist; sourceTree = "<group>"; };
		D0B88AEA1E93F8EF00DE8C13 /* Cartfile */ = {isa = PBXFileReference; fileEncoding = 4; lastKnownFileType = text; path = Cartfile; sourceTree = "<group>"; };
		D0B88AEC1E93F8FB00DE8C13 /* Cartfile.private */ = {isa = PBXFileReference; fileEncoding = 4; lastKnownFileType = text; path = Cartfile.private; sourceTree = "<group>"; };
		D0B88AEE1E93F94A00DE8C13 /* LunarCache.swift */ = {isa = PBXFileReference; fileEncoding = 4; lastKnownFileType = sourcecode.swift; path = LunarCache.swift; sourceTree = "<group>"; };
		D0B88AF01E93F98900DE8C13 /* LunarCacheSpec.swift */ = {isa = PBXFileReference; fileEncoding = 4; lastKnownFileType = sourcecode.swift; path = LunarCacheSpec.swift; sourceTree = "<group>"; };
		D0B88AF31E93FB8000DE8C13 /* Apollo.framework */ = {isa = PBXFileReference; lastKnownFileType = wrapper.framework; name = Apollo.framework; path = Carthage/Build/iOS/Apollo.framework; sourceTree = "<group>"; };
		D0B88AF41E93FB8000DE8C13 /* JSONMapping.framework */ = {isa = PBXFileReference; lastKnownFileType = wrapper.framework; name = JSONMapping.framework; path = Carthage/Build/iOS/JSONMapping.framework; sourceTree = "<group>"; };
		D0B88AF51E93FB8000DE8C13 /* Nimble.framework */ = {isa = PBXFileReference; lastKnownFileType = wrapper.framework; name = Nimble.framework; path = Carthage/Build/iOS/Nimble.framework; sourceTree = "<group>"; };
		D0B88AF61E93FB8000DE8C13 /* Quick.framework */ = {isa = PBXFileReference; lastKnownFileType = wrapper.framework; name = Quick.framework; path = Carthage/Build/iOS/Quick.framework; sourceTree = "<group>"; };
		D0B88AF71E93FB8000DE8C13 /* RemoteMapping.framework */ = {isa = PBXFileReference; lastKnownFileType = wrapper.framework; name = RemoteMapping.framework; path = Carthage/Build/iOS/RemoteMapping.framework; sourceTree = "<group>"; };
		D0B88B001E93FDD500DE8C13 /* SequenceExtensions.swift */ = {isa = PBXFileReference; fileEncoding = 4; lastKnownFileType = sourcecode.swift; name = SequenceExtensions.swift; path = Extensions/SequenceExtensions.swift; sourceTree = "<group>"; };
		D0B88B071E93FEAC00DE8C13 /* DictionaryExtensions.swift */ = {isa = PBXFileReference; fileEncoding = 4; lastKnownFileType = sourcecode.swift; name = DictionaryExtensions.swift; path = Extensions/DictionaryExtensions.swift; sourceTree = "<group>"; };
		D0B88B0A1E9410CF00DE8C13 /* CoreDataStack.framework */ = {isa = PBXFileReference; lastKnownFileType = wrapper.framework; name = CoreDataStack.framework; path = Carthage/Build/iOS/CoreDataStack.framework; sourceTree = "<group>"; };
		D0B88B0F1E941D0700DE8C13 /* Model.xcdatamodel */ = {isa = PBXFileReference; lastKnownFileType = wrapper.xcdatamodel; path = Model.xcdatamodel; sourceTree = "<group>"; };
		D0B88B131E941D4700DE8C13 /* ObjectID.swift */ = {isa = PBXFileReference; fileEncoding = 4; lastKnownFileType = sourcecode.swift; name = ObjectID.swift; path = Model/ObjectID.swift; sourceTree = "<group>"; };
		D0B88B151E941D8F00DE8C13 /* User.swift */ = {isa = PBXFileReference; fileEncoding = 4; lastKnownFileType = sourcecode.swift; name = User.swift; path = Model/User.swift; sourceTree = "<group>"; };
		D0B88B171E94235400DE8C13 /* GraphQLIDExtensions.swift */ = {isa = PBXFileReference; fileEncoding = 4; lastKnownFileType = sourcecode.swift; name = GraphQLIDExtensions.swift; path = Extensions/GraphQLIDExtensions.swift; sourceTree = "<group>"; };
		D0B88B1A1E9425EE00DE8C13 /* CoreData.framework */ = {isa = PBXFileReference; lastKnownFileType = wrapper.framework; name = CoreData.framework; path = System/Library/Frameworks/CoreData.framework; sourceTree = SDKROOT; };
		D0B88B1C1E9426C000DE8C13 /* Cartfile.resolved */ = {isa = PBXFileReference; fileEncoding = 4; lastKnownFileType = text; path = Cartfile.resolved; sourceTree = "<group>"; };
/* End PBXFileReference section */

/* Begin PBXFrameworksBuildPhase section */
		D0B88ACC1E93F8DD00DE8C13 /* Frameworks */ = {
			isa = PBXFrameworksBuildPhase;
			buildActionMask = 2147483647;
			files = (
				D0B88AFE1E93FB8800DE8C13 /* JSONMapping.framework in Frameworks */,
				D0B88AFF1E93FB8800DE8C13 /* RemoteMapping.framework in Frameworks */,
			);
			runOnlyForDeploymentPostprocessing = 0;
		};
		D0B88AD61E93F8DD00DE8C13 /* Frameworks */ = {
			isa = PBXFrameworksBuildPhase;
			buildActionMask = 2147483647;
			files = (
				D0B88B1B1E9425EE00DE8C13 /* CoreData.framework in Frameworks */,
				D0B88ADA1E93F8DD00DE8C13 /* Lunar.framework in Frameworks */,
				D0B88B0C1E9410DE00DE8C13 /* CoreDataStack.framework in Frameworks */,
				D0B88AF91E93FB8000DE8C13 /* JSONMapping.framework in Frameworks */,
				D0B88AF81E93FB8000DE8C13 /* Apollo.framework in Frameworks */,
				D0B88AFB1E93FB8000DE8C13 /* Quick.framework in Frameworks */,
				D0B88AFA1E93FB8000DE8C13 /* Nimble.framework in Frameworks */,
				D0B88AFC1E93FB8000DE8C13 /* RemoteMapping.framework in Frameworks */,
			);
			runOnlyForDeploymentPostprocessing = 0;
		};
/* End PBXFrameworksBuildPhase section */

/* Begin PBXGroup section */
		D0B88AC61E93F8DD00DE8C13 = {
			isa = PBXGroup;
			children = (
				D0B88B1C1E9426C000DE8C13 /* Cartfile.resolved */,
				D0B88AEC1E93F8FB00DE8C13 /* Cartfile.private */,
				D0B88AEA1E93F8EF00DE8C13 /* Cartfile */,
				D0B88AD21E93F8DD00DE8C13 /* Lunar */,
				D0B88ADD1E93F8DD00DE8C13 /* LunarTests */,
				D0B88AF21E93F9B200DE8C13 /* Dependencies */,
				D0B88AD11E93F8DD00DE8C13 /* Products */,
			);
			sourceTree = "<group>";
		};
		D0B88AD11E93F8DD00DE8C13 /* Products */ = {
			isa = PBXGroup;
			children = (
				D0B88AD01E93F8DD00DE8C13 /* Lunar.framework */,
				D0B88AD91E93F8DD00DE8C13 /* LunarTests.xctest */,
			);
			name = Products;
			sourceTree = "<group>";
		};
		D0B88AD21E93F8DD00DE8C13 /* Lunar */ = {
			isa = PBXGroup;
			children = (
				D0B88AD31E93F8DD00DE8C13 /* Lunar.h */,
				D0B88AD41E93F8DD00DE8C13 /* Info.plist */,
				D0B88AEE1E93F94A00DE8C13 /* LunarCache.swift */,
				D0B88AF01E93F98900DE8C13 /* LunarCacheSpec.swift */,
				D0B88B021E93FDD700DE8C13 /* Extensions */,
			);
			path = Lunar;
			sourceTree = "<group>";
		};
		D0B88ADD1E93F8DD00DE8C13 /* LunarTests */ = {
			isa = PBXGroup;
			children = (
				D0B88B0D1E941CF500DE8C13 /* Model */,
				D0B88AE01E93F8DD00DE8C13 /* Info.plist */,
			);
			path = LunarTests;
			sourceTree = "<group>";
		};
		D0B88AF21E93F9B200DE8C13 /* Dependencies */ = {
			isa = PBXGroup;
			children = (
				D0B88B1A1E9425EE00DE8C13 /* CoreData.framework */,
				D0B88B0A1E9410CF00DE8C13 /* CoreDataStack.framework */,
				D0B88AF31E93FB8000DE8C13 /* Apollo.framework */,
				D0B88AF41E93FB8000DE8C13 /* JSONMapping.framework */,
				D0B88AF51E93FB8000DE8C13 /* Nimble.framework */,
				D0B88AF61E93FB8000DE8C13 /* Quick.framework */,
				D0B88AF71E93FB8000DE8C13 /* RemoteMapping.framework */,
			);
			name = Dependencies;
			sourceTree = "<group>";
		};
		D0B88B021E93FDD700DE8C13 /* Extensions */ = {
			isa = PBXGroup;
			children = (
				D0B88B001E93FDD500DE8C13 /* SequenceExtensions.swift */,
				D0B88B071E93FEAC00DE8C13 /* DictionaryExtensions.swift */,
				D0B88B171E94235400DE8C13 /* GraphQLIDExtensions.swift */,
			);
			name = Extensions;
			sourceTree = "<group>";
		};
		D0B88B0D1E941CF500DE8C13 /* Model */ = {
			isa = PBXGroup;
			children = (
				D0B88B0E1E941D0700DE8C13 /* Model.xcdatamodeld */,
				D0B88B131E941D4700DE8C13 /* ObjectID.swift */,
				D0B88B151E941D8F00DE8C13 /* User.swift */,
			);
			name = Model;
			sourceTree = "<group>";
		};
/* End PBXGroup section */

/* Begin PBXHeadersBuildPhase section */
		D0B88ACD1E93F8DD00DE8C13 /* Headers */ = {
			isa = PBXHeadersBuildPhase;
			buildActionMask = 2147483647;
			files = (
				D0B88AE11E93F8DE00DE8C13 /* Lunar.h in Headers */,
			);
			runOnlyForDeploymentPostprocessing = 0;
		};
/* End PBXHeadersBuildPhase section */

/* Begin PBXNativeTarget section */
		D0B88ACF1E93F8DD00DE8C13 /* Lunar */ = {
			isa = PBXNativeTarget;
			buildConfigurationList = D0B88AE41E93F8DE00DE8C13 /* Build configuration list for PBXNativeTarget "Lunar" */;
			buildPhases = (
				D0B88ACB1E93F8DD00DE8C13 /* Sources */,
				D0B88ACC1E93F8DD00DE8C13 /* Frameworks */,
				D0B88ACD1E93F8DD00DE8C13 /* Headers */,
				D0B88ACE1E93F8DD00DE8C13 /* Resources */,
			);
			buildRules = (
			);
			dependencies = (
			);
			name = Lunar;
			productName = Lunar;
			productReference = D0B88AD01E93F8DD00DE8C13 /* Lunar.framework */;
			productType = "com.apple.product-type.framework";
		};
		D0B88AD81E93F8DD00DE8C13 /* LunarTests */ = {
			isa = PBXNativeTarget;
			buildConfigurationList = D0B88AE71E93F8DE00DE8C13 /* Build configuration list for PBXNativeTarget "LunarTests" */;
			buildPhases = (
				D0B88AD51E93F8DD00DE8C13 /* Sources */,
				D0B88AD61E93F8DD00DE8C13 /* Frameworks */,
				D0B88AD71E93F8DD00DE8C13 /* Resources */,
				D0B88B211E94374400DE8C13 /* CopyFiles */,
			);
			buildRules = (
			);
			dependencies = (
				D0B88ADC1E93F8DD00DE8C13 /* PBXTargetDependency */,
			);
			name = LunarTests;
			productName = LunarTests;
			productReference = D0B88AD91E93F8DD00DE8C13 /* LunarTests.xctest */;
			productType = "com.apple.product-type.bundle.unit-test";
		};
/* End PBXNativeTarget section */

/* Begin PBXProject section */
		D0B88AC71E93F8DD00DE8C13 /* Project object */ = {
			isa = PBXProject;
			attributes = {
				LastSwiftUpdateCheck = 0830;
				LastUpgradeCheck = 0830;
				ORGANIZATIONNAME = "Justin Makaila";
				TargetAttributes = {
					D0B88ACF1E93F8DD00DE8C13 = {
						CreatedOnToolsVersion = 8.3;
						DevelopmentTeam = KMC5HK5ZC7;
						ProvisioningStyle = Automatic;
					};
					D0B88AD81E93F8DD00DE8C13 = {
						CreatedOnToolsVersion = 8.3;
						DevelopmentTeam = KMC5HK5ZC7;
						ProvisioningStyle = Automatic;
					};
				};
			};
			buildConfigurationList = D0B88ACA1E93F8DD00DE8C13 /* Build configuration list for PBXProject "Lunar" */;
			compatibilityVersion = "Xcode 3.2";
			developmentRegion = English;
			hasScannedForEncodings = 0;
			knownRegions = (
				en,
			);
			mainGroup = D0B88AC61E93F8DD00DE8C13;
			productRefGroup = D0B88AD11E93F8DD00DE8C13 /* Products */;
			projectDirPath = "";
			projectRoot = "";
			targets = (
				D0B88ACF1E93F8DD00DE8C13 /* Lunar */,
				D0B88AD81E93F8DD00DE8C13 /* LunarTests */,
			);
		};
/* End PBXProject section */

/* Begin PBXResourcesBuildPhase section */
		D0B88ACE1E93F8DD00DE8C13 /* Resources */ = {
			isa = PBXResourcesBuildPhase;
			buildActionMask = 2147483647;
			files = (
			);
			runOnlyForDeploymentPostprocessing = 0;
		};
		D0B88AD71E93F8DD00DE8C13 /* Resources */ = {
			isa = PBXResourcesBuildPhase;
			buildActionMask = 2147483647;
			files = (
				D0B88B1E1E9432D700DE8C13 /* Model.xcdatamodeld in Resources */,
			);
			runOnlyForDeploymentPostprocessing = 0;
		};
/* End PBXResourcesBuildPhase section */

/* Begin PBXSourcesBuildPhase section */
		D0B88ACB1E93F8DD00DE8C13 /* Sources */ = {
			isa = PBXSourcesBuildPhase;
			buildActionMask = 2147483647;
			files = (
				D0B88B181E94235400DE8C13 /* GraphQLIDExtensions.swift in Sources */,
				D0B88B011E93FDD500DE8C13 /* SequenceExtensions.swift in Sources */,
				D0B88AEF1E93F94A00DE8C13 /* LunarCache.swift in Sources */,
				D0B88B081E93FEAC00DE8C13 /* DictionaryExtensions.swift in Sources */,
			);
			runOnlyForDeploymentPostprocessing = 0;
		};
		D0B88AD51E93F8DD00DE8C13 /* Sources */ = {
			isa = PBXSourcesBuildPhase;
			buildActionMask = 2147483647;
			files = (
				D0B88B1F1E9436DA00DE8C13 /* LunarCacheSpec.swift in Sources */,
				D0B88B161E941D8F00DE8C13 /* User.swift in Sources */,
				D0B88B141E941D4700DE8C13 /* ObjectID.swift in Sources */,
			);
			runOnlyForDeploymentPostprocessing = 0;
		};
/* End PBXSourcesBuildPhase section */

/* Begin PBXTargetDependency section */
		D0B88ADC1E93F8DD00DE8C13 /* PBXTargetDependency */ = {
			isa = PBXTargetDependency;
			target = D0B88ACF1E93F8DD00DE8C13 /* Lunar */;
			targetProxy = D0B88ADB1E93F8DD00DE8C13 /* PBXContainerItemProxy */;
		};
/* End PBXTargetDependency section */

/* Begin XCBuildConfiguration section */
		D0B88AE21E93F8DE00DE8C13 /* Debug */ = {
			isa = XCBuildConfiguration;
			buildSettings = {
				ALWAYS_SEARCH_USER_PATHS = NO;
				CLANG_ANALYZER_NONNULL = YES;
				CLANG_ANALYZER_NUMBER_OBJECT_CONVERSION = YES_AGGRESSIVE;
				CLANG_CXX_LANGUAGE_STANDARD = "gnu++0x";
				CLANG_CXX_LIBRARY = "libc++";
				CLANG_ENABLE_MODULES = YES;
				CLANG_ENABLE_OBJC_ARC = YES;
				CLANG_WARN_BOOL_CONVERSION = YES;
				CLANG_WARN_CONSTANT_CONVERSION = YES;
				CLANG_WARN_DIRECT_OBJC_ISA_USAGE = YES_ERROR;
				CLANG_WARN_DOCUMENTATION_COMMENTS = YES;
				CLANG_WARN_EMPTY_BODY = YES;
				CLANG_WARN_ENUM_CONVERSION = YES;
				CLANG_WARN_INFINITE_RECURSION = YES;
				CLANG_WARN_INT_CONVERSION = YES;
				CLANG_WARN_OBJC_ROOT_CLASS = YES_ERROR;
				CLANG_WARN_SUSPICIOUS_MOVE = YES;
				CLANG_WARN_UNREACHABLE_CODE = YES;
				CLANG_WARN__DUPLICATE_METHOD_MATCH = YES;
				"CODE_SIGN_IDENTITY[sdk=iphoneos*]" = "iPhone Developer";
				COPY_PHASE_STRIP = NO;
				CURRENT_PROJECT_VERSION = 1;
				DEBUG_INFORMATION_FORMAT = dwarf;
				ENABLE_STRICT_OBJC_MSGSEND = YES;
				ENABLE_TESTABILITY = YES;
				GCC_C_LANGUAGE_STANDARD = gnu99;
				GCC_DYNAMIC_NO_PIC = NO;
				GCC_NO_COMMON_BLOCKS = YES;
				GCC_OPTIMIZATION_LEVEL = 0;
				GCC_PREPROCESSOR_DEFINITIONS = (
					"DEBUG=1",
					"$(inherited)",
				);
				GCC_WARN_64_TO_32_BIT_CONVERSION = YES;
				GCC_WARN_ABOUT_RETURN_TYPE = YES_ERROR;
				GCC_WARN_UNDECLARED_SELECTOR = YES;
				GCC_WARN_UNINITIALIZED_AUTOS = YES_AGGRESSIVE;
				GCC_WARN_UNUSED_FUNCTION = YES;
				GCC_WARN_UNUSED_VARIABLE = YES;
				IPHONEOS_DEPLOYMENT_TARGET = 10.3;
				MTL_ENABLE_DEBUG_INFO = YES;
				ONLY_ACTIVE_ARCH = YES;
				SDKROOT = iphoneos;
				SWIFT_ACTIVE_COMPILATION_CONDITIONS = DEBUG;
				SWIFT_OPTIMIZATION_LEVEL = "-Onone";
				TARGETED_DEVICE_FAMILY = "1,2";
				VERSIONING_SYSTEM = "apple-generic";
				VERSION_INFO_PREFIX = "";
			};
			name = Debug;
		};
		D0B88AE31E93F8DE00DE8C13 /* Release */ = {
			isa = XCBuildConfiguration;
			buildSettings = {
				ALWAYS_SEARCH_USER_PATHS = NO;
				CLANG_ANALYZER_NONNULL = YES;
				CLANG_ANALYZER_NUMBER_OBJECT_CONVERSION = YES_AGGRESSIVE;
				CLANG_CXX_LANGUAGE_STANDARD = "gnu++0x";
				CLANG_CXX_LIBRARY = "libc++";
				CLANG_ENABLE_MODULES = YES;
				CLANG_ENABLE_OBJC_ARC = YES;
				CLANG_WARN_BOOL_CONVERSION = YES;
				CLANG_WARN_CONSTANT_CONVERSION = YES;
				CLANG_WARN_DIRECT_OBJC_ISA_USAGE = YES_ERROR;
				CLANG_WARN_DOCUMENTATION_COMMENTS = YES;
				CLANG_WARN_EMPTY_BODY = YES;
				CLANG_WARN_ENUM_CONVERSION = YES;
				CLANG_WARN_INFINITE_RECURSION = YES;
				CLANG_WARN_INT_CONVERSION = YES;
				CLANG_WARN_OBJC_ROOT_CLASS = YES_ERROR;
				CLANG_WARN_SUSPICIOUS_MOVE = YES;
				CLANG_WARN_UNREACHABLE_CODE = YES;
				CLANG_WARN__DUPLICATE_METHOD_MATCH = YES;
				"CODE_SIGN_IDENTITY[sdk=iphoneos*]" = "iPhone Developer";
				COPY_PHASE_STRIP = NO;
				CURRENT_PROJECT_VERSION = 1;
				DEBUG_INFORMATION_FORMAT = "dwarf-with-dsym";
				ENABLE_NS_ASSERTIONS = NO;
				ENABLE_STRICT_OBJC_MSGSEND = YES;
				GCC_C_LANGUAGE_STANDARD = gnu99;
				GCC_NO_COMMON_BLOCKS = YES;
				GCC_WARN_64_TO_32_BIT_CONVERSION = YES;
				GCC_WARN_ABOUT_RETURN_TYPE = YES_ERROR;
				GCC_WARN_UNDECLARED_SELECTOR = YES;
				GCC_WARN_UNINITIALIZED_AUTOS = YES_AGGRESSIVE;
				GCC_WARN_UNUSED_FUNCTION = YES;
				GCC_WARN_UNUSED_VARIABLE = YES;
				IPHONEOS_DEPLOYMENT_TARGET = 10.3;
				MTL_ENABLE_DEBUG_INFO = NO;
				SDKROOT = iphoneos;
				SWIFT_OPTIMIZATION_LEVEL = "-Owholemodule";
				TARGETED_DEVICE_FAMILY = "1,2";
				VALIDATE_PRODUCT = YES;
				VERSIONING_SYSTEM = "apple-generic";
				VERSION_INFO_PREFIX = "";
			};
			name = Release;
		};
		D0B88AE51E93F8DE00DE8C13 /* Debug */ = {
			isa = XCBuildConfiguration;
			buildSettings = {
				CODE_SIGN_IDENTITY = "";
				DEFINES_MODULE = YES;
				DEVELOPMENT_TEAM = KMC5HK5ZC7;
				DYLIB_COMPATIBILITY_VERSION = 1;
				DYLIB_CURRENT_VERSION = 1;
				DYLIB_INSTALL_NAME_BASE = "@rpath";
				FRAMEWORK_SEARCH_PATHS = (
					"$(inherited)",
					"$(PROJECT_DIR)/Carthage/Build/iOS",
				);
				INFOPLIST_FILE = Lunar/Info.plist;
				INSTALL_PATH = "$(LOCAL_LIBRARY_DIR)/Frameworks";
				IPHONEOS_DEPLOYMENT_TARGET = 8.0;
				LD_RUNPATH_SEARCH_PATHS = "$(inherited) @executable_path/Frameworks @loader_path/Frameworks";
				PRODUCT_BUNDLE_IDENTIFIER = com.justinmakaila.Lunar;
				PRODUCT_NAME = "$(TARGET_NAME)";
				SKIP_INSTALL = YES;
				SWIFT_VERSION = 3.0;
			};
			name = Debug;
		};
		D0B88AE61E93F8DE00DE8C13 /* Release */ = {
			isa = XCBuildConfiguration;
			buildSettings = {
				CODE_SIGN_IDENTITY = "";
				DEFINES_MODULE = YES;
				DEVELOPMENT_TEAM = KMC5HK5ZC7;
				DYLIB_COMPATIBILITY_VERSION = 1;
				DYLIB_CURRENT_VERSION = 1;
				DYLIB_INSTALL_NAME_BASE = "@rpath";
				FRAMEWORK_SEARCH_PATHS = (
					"$(inherited)",
					"$(PROJECT_DIR)/Carthage/Build/iOS",
				);
				INFOPLIST_FILE = Lunar/Info.plist;
				INSTALL_PATH = "$(LOCAL_LIBRARY_DIR)/Frameworks";
				IPHONEOS_DEPLOYMENT_TARGET = 8.0;
				LD_RUNPATH_SEARCH_PATHS = "$(inherited) @executable_path/Frameworks @loader_path/Frameworks";
				PRODUCT_BUNDLE_IDENTIFIER = com.justinmakaila.Lunar;
				PRODUCT_NAME = "$(TARGET_NAME)";
				SKIP_INSTALL = YES;
				SWIFT_VERSION = 3.0;
			};
			name = Release;
		};
		D0B88AE81E93F8DE00DE8C13 /* Debug */ = {
			isa = XCBuildConfiguration;
			buildSettings = {
				ALWAYS_EMBED_SWIFT_STANDARD_LIBRARIES = YES;
				DEVELOPMENT_TEAM = KMC5HK5ZC7;
				FRAMEWORK_SEARCH_PATHS = (
					"$(inherited)",
					"$(PROJECT_DIR)/Carthage/Build/iOS",
				);
				INFOPLIST_FILE = LunarTests/Info.plist;
				LD_RUNPATH_SEARCH_PATHS = "$(inherited) @executable_path/Frameworks @loader_path/Frameworks";
				PRODUCT_BUNDLE_IDENTIFIER = com.justinmakaila.LunarTests;
				PRODUCT_NAME = "$(TARGET_NAME)";
				SWIFT_VERSION = 3.0;
			};
			name = Debug;
		};
		D0B88AE91E93F8DE00DE8C13 /* Release */ = {
			isa = XCBuildConfiguration;
			buildSettings = {
				ALWAYS_EMBED_SWIFT_STANDARD_LIBRARIES = YES;
				DEVELOPMENT_TEAM = KMC5HK5ZC7;
				FRAMEWORK_SEARCH_PATHS = (
					"$(inherited)",
					"$(PROJECT_DIR)/Carthage/Build/iOS",
				);
				INFOPLIST_FILE = LunarTests/Info.plist;
				LD_RUNPATH_SEARCH_PATHS = "$(inherited) @executable_path/Frameworks @loader_path/Frameworks";
				PRODUCT_BUNDLE_IDENTIFIER = com.justinmakaila.LunarTests;
				PRODUCT_NAME = "$(TARGET_NAME)";
				SWIFT_VERSION = 3.0;
			};
			name = Release;
		};
/* End XCBuildConfiguration section */

/* Begin XCConfigurationList section */
		D0B88ACA1E93F8DD00DE8C13 /* Build configuration list for PBXProject "Lunar" */ = {
			isa = XCConfigurationList;
			buildConfigurations = (
				D0B88AE21E93F8DE00DE8C13 /* Debug */,
				D0B88AE31E93F8DE00DE8C13 /* Release */,
			);
			defaultConfigurationIsVisible = 0;
			defaultConfigurationName = Release;
		};
		D0B88AE41E93F8DE00DE8C13 /* Build configuration list for PBXNativeTarget "Lunar" */ = {
			isa = XCConfigurationList;
			buildConfigurations = (
				D0B88AE51E93F8DE00DE8C13 /* Debug */,
				D0B88AE61E93F8DE00DE8C13 /* Release */,
			);
			defaultConfigurationIsVisible = 0;
			defaultConfigurationName = Release;
		};
		D0B88AE71E93F8DE00DE8C13 /* Build configuration list for PBXNativeTarget "LunarTests" */ = {
			isa = XCConfigurationList;
			buildConfigurations = (
				D0B88AE81E93F8DE00DE8C13 /* Debug */,
				D0B88AE91E93F8DE00DE8C13 /* Release */,
			);
			defaultConfigurationIsVisible = 0;
			defaultConfigurationName = Release;
		};
/* End XCConfigurationList section */

/* Begin XCVersionGroup section */
		D0B88B0E1E941D0700DE8C13 /* Model.xcdatamodeld */ = {
			isa = XCVersionGroup;
			children = (
				D0B88B0F1E941D0700DE8C13 /* Model.xcdatamodel */,
			);
			currentVersion = D0B88B0F1E941D0700DE8C13 /* Model.xcdatamodel */;
			name = Model.xcdatamodeld;
			path = Model/Model.xcdatamodeld;
			sourceTree = "<group>";
			versionGroupType = wrapper.xcdatamodel;
		};
/* End XCVersionGroup section */
	};
	rootObject = D0B88AC71E93F8DD00DE8C13 /* Project object */;
}
